
Microsoft Visual Studio Solution File, Format Version 12.00
# Visual Studio 2017
Project("{FAE04EC0-301F-11D3-BF4B-00C04F79EFBC}") = "QZ", "QZ.csproj", "{CF977418-08C1-D44E-D04A-168F39972C50}"
EndProject
Project("{FAE04EC0-301F-11D3-BF4B-00C04F79EFBC}") = "QZ.Editor", "QZ.Editor.csproj", "{0904761A-8B82-0C94-D119-BE29B2F3A704}"
EndProject
Global
	GlobalSection(SolutionConfigurationPlatforms) = preSolution
		Debug|Any CPU = Debug|Any CPU
		Release|Any CPU = Release|Any CPU
	EndGlobalSection
	GlobalSection(ProjectConfigurationPlatforms) = postSolution
		{CF977418-08C1-D44E-D04A-168F39972C50}.Debug|Any CPU.ActiveCfg = Debug|Any CPU
		{CF977418-08C1-D44E-D04A-168F39972C50}.Debug|Any CPU.Build.0 = Debug|Any CPU
		{CF977418-08C1-D44E-D04A-168F39972C50}.Release|Any CPU.ActiveCfg = Release|Any CPU
		{CF977418-08C1-D44E-D04A-168F39972C50}.Release|Any CPU.Build.0 = Release|Any CPU
		{0904761A-8B82-0C94-D119-BE29B2F3A704}.Debug|Any CPU.ActiveCfg = Debug|Any CPU
		{0904761A-8B82-0C94-D119-BE29B2F3A704}.Debug|Any CPU.Build.0 = Debug|Any CPU
		{0904761A-8B82-0C94-D119-BE29B2F3A704}.Release|Any CPU.ActiveCfg = Release|Any CPU
		{0904761A-8B82-0C94-D119-BE29B2F3A704}.Release|Any CPU.Build.0 = Release|Any CPU
	EndGlobalSection
	GlobalSection(SolutionProperties) = preSolution
		HideSolutionNode = FALSE
	EndGlobalSection
EndGlobal
